
Microsoft Visual Studio Solution File, Format Version 12.00
# Visual Studio Version 16
VisualStudioVersion = 16.0.31313.79
MinimumVisualStudioVersion = 10.0.40219.1
Project("{9A19103F-16F7-4668-BE54-9A1E7A4F7556}") = "Rocky", "Rocky\Rocky.csproj", "{1DE6E118-E6DC-4157-99AD-37BDA6F1874F}"
EndProject
Project("{FAE04EC0-301F-11D3-BF4B-00C04F79EFBC}") = "Rocky_Utility", "Rocky_Utility\Rocky_Utility.csproj", "{66E89F65-1CA9-4889-9A1A-030815127125}"
EndProject
Project("{FAE04EC0-301F-11D3-BF4B-00C04F79EFBC}") = "Rocky_models", "Rocky_models\Rocky_models.csproj", "{EE53825F-50F6-4B03-9BBA-1845CA708DE2}"
EndProject
Project("{FAE04EC0-301F-11D3-BF4B-00C04F79EFBC}") = "Rocky_DataAccess", "Rocky_DataAccess\Rocky_DataAccess.csproj", "{489B3912-680B-4C9C-B3B2-29C2135D893B}"
EndProject
Global
	GlobalSection(SolutionConfigurationPlatforms) = preSolution
		Debug|Any CPU = Debug|Any CPU
		Release|Any CPU = Release|Any CPU
	EndGlobalSection
	GlobalSection(ProjectConfigurationPlatforms) = postSolution
		{1DE6E118-E6DC-4157-99AD-37BDA6F1874F}.Debug|Any CPU.ActiveCfg = Debug|Any CPU
		{1DE6E118-E6DC-4157-99AD-37BDA6F1874F}.Debug|Any CPU.Build.0 = Debug|Any CPU
		{1DE6E118-E6DC-4157-99AD-37BDA6F1874F}.Release|Any CPU.ActiveCfg = Release|Any CPU
		{1DE6E118-E6DC-4157-99AD-37BDA6F1874F}.Release|Any CPU.Build.0 = Release|Any CPU
		{66E89F65-1CA9-4889-9A1A-030815127125}.Debug|Any CPU.ActiveCfg = Debug|Any CPU
		{66E89F65-1CA9-4889-9A1A-030815127125}.Debug|Any CPU.Build.0 = Debug|Any CPU
		{66E89F65-1CA9-4889-9A1A-030815127125}.Release|Any CPU.ActiveCfg = Release|Any CPU
		{66E89F65-1CA9-4889-9A1A-030815127125}.Release|Any CPU.Build.0 = Release|Any CPU
		{EE53825F-50F6-4B03-9BBA-1845CA708DE2}.Debug|Any CPU.ActiveCfg = Debug|Any CPU
		{EE53825F-50F6-4B03-9BBA-1845CA708DE2}.Debug|Any CPU.Build.0 = Debug|Any CPU
		{EE53825F-50F6-4B03-9BBA-1845CA708DE2}.Release|Any CPU.ActiveCfg = Release|Any CPU
		{EE53825F-50F6-4B03-9BBA-1845CA708DE2}.Release|Any CPU.Build.0 = Release|Any CPU
		{489B3912-680B-4C9C-B3B2-29C2135D893B}.Debug|Any CPU.ActiveCfg = Debug|Any CPU
		{489B3912-680B-4C9C-B3B2-29C2135D893B}.Debug|Any CPU.Build.0 = Debug|Any CPU
		{489B3912-680B-4C9C-B3B2-29C2135D893B}.Release|Any CPU.ActiveCfg = Release|Any CPU
		{489B3912-680B-4C9C-B3B2-29C2135D893B}.Release|Any CPU.Build.0 = Release|Any CPU
	EndGlobalSection
	GlobalSection(SolutionProperties) = preSolution
		HideSolutionNode = FALSE
	EndGlobalSection
	GlobalSection(ExtensibilityGlobals) = postSolution
		SolutionGuid = {7A42E4F7-1BE0-4196-B3F8-BF0FA3B8F7FD}
	EndGlobalSection
EndGlobal
